
Microsoft Visual Studio Solution File, Format Version 12.00
# Visual Studio Version 16
VisualStudioVersion = 16.0.29503.13
MinimumVisualStudioVersion = 10.0.40219.1
Project("{FAE04EC0-301F-11D3-BF4B-00C04F79EFBC}") = "OOPOperators", "OOPOperators\OOPOperators.csproj", "{5BCF7CE2-83B4-4878-875B-F1EA69640A7D}"
EndProject
Global
	GlobalSection(SolutionConfigurationPlatforms) = preSolution
		Debug|Any CPU = Debug|Any CPU
		Release|Any CPU = Release|Any CPU
	EndGlobalSection
	GlobalSection(ProjectConfigurationPlatforms) = postSolution
		{5BCF7CE2-83B4-4878-875B-F1EA69640A7D}.Debug|Any CPU.ActiveCfg = Debug|Any CPU
		{5BCF7CE2-83B4-4878-875B-F1EA69640A7D}.Debug|Any CPU.Build.0 = Debug|Any CPU
		{5BCF7CE2-83B4-4878-875B-F1EA69640A7D}.Release|Any CPU.ActiveCfg = Release|Any CPU
		{5BCF7CE2-83B4-4878-875B-F1EA69640A7D}.Release|Any CPU.Build.0 = Release|Any CPU
	EndGlobalSection
	GlobalSection(SolutionProperties) = preSolution
		HideSolutionNode = FALSE
	EndGlobalSection
	GlobalSection(ExtensibilityGlobals) = postSolution
		SolutionGuid = {824FEB28-91E7-48E4-A035-052F423D3CA9}
	EndGlobalSection
EndGlobal
